<?xml version="1.0" encoding="utf-8"?>
<Project ToolsVersion="4.0" xmlns="http://schemas.microsoft.com/developer/msbuild/2003">
  <ItemGroup>
    <Filter Include="Source Files">
      <UniqueIdentifier>{4FC737F1-C7A5-4376-A066-2A32D752A2FF}</UniqueIdentifier>
      <Extensions>cpp;c;cc;cxx;c++;cppm;ixx;def;odl;idl;hpj;bat;asm;asmx</Extensions>
    </Filter>
    <Filter Include="Header Files">
      <UniqueIdentifier>{93995380-89BD-4b04-88EB-625FBE52EBFB}</UniqueIdentifier>
      <Extensions>h;hh;hpp;hxx;h++;hm;inl;inc;ipp;xsd</Extensions>
    </Filter>
    <Filter Include="Resource Files">
      <UniqueIdentifier>{67DA6AB6-F800-4c08-8B7A-83BB121AAD01}</UniqueIdentifier>
      <Extensions>rc;ico;cur;bmp;dlg;rc2;rct;bin;rgs;gif;jpg;jpeg;jpe;resx;tiff;tif;png;wav;mfcribbon-ms</Extensions>
    </Filter>
    <Filter Include="Includes">
      <UniqueIdentifier>{b8aa9d33-5139-44e3-9e05-2a6a3bc74583}</UniqueIdentifier>
    </Filter>
    <Filter Include="Includes\imgui">
      <UniqueIdentifier>{d43f0e47-ea9b-47bc-8f58-6f194dcef158}</UniqueIdentifier>
    </Filter>
    <Filter Include="Includes\kiero">
      <UniqueIdentifier>{6cff4a6c-dc36-4bf5-bc3d-63d72cded6e6}</UniqueIdentifier>
    </Filter>
    <Filter Include="Includes\kiero\minhook">
      <UniqueIdentifier>{cac88d8c-337a-47ea-85ec-a9e62398d3b1}</UniqueIdentifier>
    </Filter>
    <Filter Include="Includes\kiero\minhook\src">
      <UniqueIdentifier>{2814a401-9886-4bbe-92a5-a6ad818d71c7}</UniqueIdentifier>
    </Filter>
    <Filter Include="Includes\kiero\minhook\src\hde">
      <UniqueIdentifier>{25572b89-02fc-4e2e-bda8-533f0b4352dc}</UniqueIdentifier>
    </Filter>
    <Filter Include="Includes\kiero\minhook\include">
      <UniqueIdentifier>{7437990c-b892-4745-a972-ebfad89c14d5}</UniqueIdentifier>
    </Filter>
  </ItemGroup>
  <ItemGroup>
    <ClCompile Include="src\dllmain.cpp">
      <Filter>Source Files</Filter>
    </ClCompile>
    <ClCompile Include="src\sdk\jvm.cpp">
      <Filter>Source Files</Filter>
    </ClCompile>
    <ClCompile Include="src\sdk\minecraft\minecraft.cpp">
      <Filter>Source Files</Filter>
    </ClCompile>
    <ClCompile Include="src\sdk\classes\cls.cpp">
      <Filter>Source Files</Filter>
    </ClCompile>
  </ItemGroup>
  <ItemGroup>
    <ClInclude Include="include\Jni\classfile_constants.h">
      <Filter>Header Files</Filter>
    </ClInclude>
    <ClInclude Include="include\Jni\jawt.h">
      <Filter>Header Files</Filter>
    </ClInclude>
    <ClInclude Include="include\Jni\jawt_md.h">
      <Filter>Header Files</Filter>
    </ClInclude>
    <ClInclude Include="include\Jni\jdwpTransport.h">
      <Filter>Header Files</Filter>
    </ClInclude>
    <ClInclude Include="include\Jni\jni.h">
      <Filter>Header Files</Filter>
    </ClInclude>
    <ClInclude Include="include\Jni\jni_md.h">
      <Filter>Header Files</Filter>
    </ClInclude>
    <ClInclude Include="include\Jni\jvmti.h">
      <Filter>Header Files</Filter>
    </ClInclude>
    <ClInclude Include="include\Jni\jvmticmlr.h">
      <Filter>Header Files</Filter>
    </ClInclude>
    <ClInclude Include="src\sdk\jvm.h">
      <Filter>Header Files</Filter>
    </ClInclude>
    <ClInclude Include="src\sdk\minecraft\minecraft.h">
      <Filter>Header Files</Filter>
    </ClInclude>
    <ClInclude Include="src\sdk\classes\cls.h">
      <Filter>Header Files</Filter>
    </ClInclude>
  </ItemGroup>
  <ItemGroup>
    <Library Include="include\Lib\jawt.lib" />
    <Library Include="include\Lib\jvm.lib" />
  </ItemGroup>
</Project>